
Microsoft Visual Studio Solution File, Format Version 12.00
# Visual Studio Version 17
VisualStudioVersion = 17.8.34316.72
MinimumVisualStudioVersion = 10.0.40219.1
Project("{FAE04EC0-301F-11D3-BF4B-00C04F79EFBC}") = "Library", "Library\Library.csproj", "{FDB995DF-37A0-4726-8910-5CB60CD6C05F}"
EndProject
Project("{2150E333-8FDC-42A3-9474-1A3956D46DE8}") = "docs", "docs", "{693D1093-7A5C-4D48-83F7-9EC2A2E6BE5B}"
EndProject
Project("{2150E333-8FDC-42A3-9474-1A3956D46DE8}") = "sources", "sources", "{3DFCB045-6EFF-45F9-B220-9BD99F608AB7}"
EndProject
Project("{2150E333-8FDC-42A3-9474-1A3956D46DE8}") = "DataLayer", "DataLayer", "{24923743-5EC4-4295-BC97-FD0E8A986325}"
EndProject
Project("{2150E333-8FDC-42A3-9474-1A3956D46DE8}") = "DomainLayer", "DomainLayer", "{A73F3BE5-01AF-430A-9577-5992F8F5B66A}"
EndProject
Project("{2150E333-8FDC-42A3-9474-1A3956D46DE8}") = "DomainModel", "DomainModel", "{C7C2A238-B6E6-4541-AD27-3DBA307E3662}"
EndProject
Project("{2150E333-8FDC-42A3-9474-1A3956D46DE8}") = "ServiceLayer", "ServiceLayer", "{D68F6C2E-4F7A-4C62-94E7-B721350C3773}"
EndProject
Project("{FAE04EC0-301F-11D3-BF4B-00C04F79EFBC}") = "DataMapper", "DataMapper\DataMapper.csproj", "{F39A4334-2ADC-492D-A436-10E3266C1BD8}"
EndProject
Project("{FAE04EC0-301F-11D3-BF4B-00C04F79EFBC}") = "DomainModel", "DomainModel\DomainModel.csproj", "{D8E04D66-CAF8-4722-A54C-D9057182F123}"
EndProject
Project("{FAE04EC0-301F-11D3-BF4B-00C04F79EFBC}") = "ServiceLayer", "ServiceLayer\ServiceLayer.csproj", "{E591712F-C685-41FB-9C64-E1B457DA93B7}"
EndProject
Project("{FAE04EC0-301F-11D3-BF4B-00C04F79EFBC}") = "TestDomainModel", "TestDomainModel\TestDomainModel.csproj", "{4AE55410-796D-4CED-AE38-CB1D3E6D50E5}"
EndProject
Project("{FAE04EC0-301F-11D3-BF4B-00C04F79EFBC}") = "TestServiceLayer", "TestServiceLayer\TestServiceLayer.csproj", "{7096A62E-F1D5-429B-ADD9-4A4AAAC12B91}"
EndProject
Global
	GlobalSection(SolutionConfigurationPlatforms) = preSolution
		Debug|Any CPU = Debug|Any CPU
		Release|Any CPU = Release|Any CPU
	EndGlobalSection
	GlobalSection(ProjectConfigurationPlatforms) = postSolution
		{FDB995DF-37A0-4726-8910-5CB60CD6C05F}.Debug|Any CPU.ActiveCfg = Debug|Any CPU
		{FDB995DF-37A0-4726-8910-5CB60CD6C05F}.Debug|Any CPU.Build.0 = Debug|Any CPU
		{FDB995DF-37A0-4726-8910-5CB60CD6C05F}.Release|Any CPU.ActiveCfg = Release|Any CPU
		{FDB995DF-37A0-4726-8910-5CB60CD6C05F}.Release|Any CPU.Build.0 = Release|Any CPU
		{F39A4334-2ADC-492D-A436-10E3266C1BD8}.Debug|Any CPU.ActiveCfg = Debug|Any CPU
		{F39A4334-2ADC-492D-A436-10E3266C1BD8}.Debug|Any CPU.Build.0 = Debug|Any CPU
		{F39A4334-2ADC-492D-A436-10E3266C1BD8}.Release|Any CPU.ActiveCfg = Release|Any CPU
		{F39A4334-2ADC-492D-A436-10E3266C1BD8}.Release|Any CPU.Build.0 = Release|Any CPU
		{D8E04D66-CAF8-4722-A54C-D9057182F123}.Debug|Any CPU.ActiveCfg = Debug|Any CPU
		{D8E04D66-CAF8-4722-A54C-D9057182F123}.Debug|Any CPU.Build.0 = Debug|Any CPU
		{D8E04D66-CAF8-4722-A54C-D9057182F123}.Release|Any CPU.ActiveCfg = Release|Any CPU
		{D8E04D66-CAF8-4722-A54C-D9057182F123}.Release|Any CPU.Build.0 = Release|Any CPU
		{E591712F-C685-41FB-9C64-E1B457DA93B7}.Debug|Any CPU.ActiveCfg = Debug|Any CPU
		{E591712F-C685-41FB-9C64-E1B457DA93B7}.Debug|Any CPU.Build.0 = Debug|Any CPU
		{E591712F-C685-41FB-9C64-E1B457DA93B7}.Release|Any CPU.ActiveCfg = Release|Any CPU
		{E591712F-C685-41FB-9C64-E1B457DA93B7}.Release|Any CPU.Build.0 = Release|Any CPU
		{4AE55410-796D-4CED-AE38-CB1D3E6D50E5}.Debug|Any CPU.ActiveCfg = Debug|Any CPU
		{4AE55410-796D-4CED-AE38-CB1D3E6D50E5}.Debug|Any CPU.Build.0 = Debug|Any CPU
		{4AE55410-796D-4CED-AE38-CB1D3E6D50E5}.Release|Any CPU.ActiveCfg = Release|Any CPU
		{4AE55410-796D-4CED-AE38-CB1D3E6D50E5}.Release|Any CPU.Build.0 = Release|Any CPU
		{7096A62E-F1D5-429B-ADD9-4A4AAAC12B91}.Debug|Any CPU.ActiveCfg = Debug|Any CPU
		{7096A62E-F1D5-429B-ADD9-4A4AAAC12B91}.Debug|Any CPU.Build.0 = Debug|Any CPU
		{7096A62E-F1D5-429B-ADD9-4A4AAAC12B91}.Release|Any CPU.ActiveCfg = Release|Any CPU
		{7096A62E-F1D5-429B-ADD9-4A4AAAC12B91}.Release|Any CPU.Build.0 = Release|Any CPU
	EndGlobalSection
	GlobalSection(SolutionProperties) = preSolution
		HideSolutionNode = FALSE
	EndGlobalSection
	GlobalSection(NestedProjects) = preSolution
		{24923743-5EC4-4295-BC97-FD0E8A986325} = {3DFCB045-6EFF-45F9-B220-9BD99F608AB7}
		{A73F3BE5-01AF-430A-9577-5992F8F5B66A} = {3DFCB045-6EFF-45F9-B220-9BD99F608AB7}
		{C7C2A238-B6E6-4541-AD27-3DBA307E3662} = {A73F3BE5-01AF-430A-9577-5992F8F5B66A}
		{D68F6C2E-4F7A-4C62-94E7-B721350C3773} = {A73F3BE5-01AF-430A-9577-5992F8F5B66A}
		{F39A4334-2ADC-492D-A436-10E3266C1BD8} = {24923743-5EC4-4295-BC97-FD0E8A986325}
		{D8E04D66-CAF8-4722-A54C-D9057182F123} = {C7C2A238-B6E6-4541-AD27-3DBA307E3662}
		{E591712F-C685-41FB-9C64-E1B457DA93B7} = {D68F6C2E-4F7A-4C62-94E7-B721350C3773}
		{4AE55410-796D-4CED-AE38-CB1D3E6D50E5} = {C7C2A238-B6E6-4541-AD27-3DBA307E3662}
		{7096A62E-F1D5-429B-ADD9-4A4AAAC12B91} = {D68F6C2E-4F7A-4C62-94E7-B721350C3773}
	EndGlobalSection
	GlobalSection(ExtensibilityGlobals) = postSolution
		SolutionGuid = {7758CBD1-FDF5-44F3-ADD1-B1466D8A1A27}
	EndGlobalSection
EndGlobal
